
Microsoft Visual Studio Solution File, Format Version 12.00
# Visual Studio Version 17
VisualStudioVersion = 17.1.31903.286
MinimumVisualStudioVersion = 10.0.40219.1
Project("{FAE04EC0-301F-11D3-BF4B-00C04F79EFBC}") = "Surucu_Kursu_Otomasyonu", "Surucu_Kursu_Otomasyonu.csproj", "{CE031871-F48D-48D6-98A9-DDECB7B14A0F}"
EndProject
Global
	GlobalSection(SolutionConfigurationPlatforms) = preSolution
		Debug|Any CPU = Debug|Any CPU
		Release|Any CPU = Release|Any CPU
	EndGlobalSection
	GlobalSection(ProjectConfigurationPlatforms) = postSolution
		{CE031871-F48D-48D6-98A9-DDECB7B14A0F}.Debug|Any CPU.ActiveCfg = Debug|Any CPU
		{CE031871-F48D-48D6-98A9-DDECB7B14A0F}.Debug|Any CPU.Build.0 = Debug|Any CPU
		{CE031871-F48D-48D6-98A9-DDECB7B14A0F}.Release|Any CPU.ActiveCfg = Release|Any CPU
		{CE031871-F48D-48D6-98A9-DDECB7B14A0F}.Release|Any CPU.Build.0 = Release|Any CPU
	EndGlobalSection
	GlobalSection(SolutionProperties) = preSolution
		HideSolutionNode = FALSE
	EndGlobalSection
	GlobalSection(ExtensibilityGlobals) = postSolution
		SolutionGuid = {34230DB6-7BB6-49B3-B6ED-2664E1E9AA8E}
	EndGlobalSection
EndGlobal
